{
    "_meta": {
        "hash": {
            "sha256": "d55e9558977b45a880fc3c5f58930905a37c43d505b5201fd5040c9d46bfc799"
        },
        "pipfile-spec": 6,
        "requires": {
            "python_version": "3.11"
        },
        "sources": [
            {
                "name": "pypi",
                "url": "https://pypi.org/simple",
                "verify_ssl": true
            }
        ]
    },
    "default": {
        "annotated-doc": {
            "hashes": [
                "sha256:117bac03a25ede5df5440e855b32d556049ca169ead221505badf432fed4b101",
                "sha256:c7e58ce09192557605d8bbd92836d7e1d520ac9580096042c0bfd197efacf1bb"
            ],
            "markers": "python_version >= '3.9'",
            "version": "==0.0.5"
        },
        "annotated-types": {
            "hashes": [
                "sha256:13b2beaad985e05e2d6407ee4c4f35590b11f8d693a258a561055cac8f64cab7",
                "sha256:f072f4d804ea359e4eaf198b1af7a8b0943881a87f31bb764f8bf219bb9419e0"
            ],
            "markers": "python_version >= '3.10'",
            "version": "==0.8.0"
        },
        "anyio": {
            "hashes": [
                "sha256:6152fdbbf9a77fdec97731721bebf7c4c44f7c29b424b0065826173efc7ed101",
                "sha256:9f28306018cbd6d329e64a36d58256edff76dd996fe423bc957326e578b82a94"
            ],
            "markers": "python_version >= '3.10'",
            "version": "==4.15.1"
        },
        "click": {
            "hashes": [
                "sha256:255bc9599cf7748b4b1a446ccc735421bd08a2ae529a8b88597d3de5664ee360",
                "sha256:ba0d2089de75ea0310e2dde03160e6ca10009947fb95a182f9b54021bb272e34"
            ],
            "index": "pypi",
            "version": "==8.5.0"
        },
        "fastapi": {
            "hashes": [
                "sha256:1acffe48206a80917cf7dac21992b5c44b25384e8902bf745c1fd9dabcf6c51f",
                "sha256:3e9395fd35276425b61b516a31fdd7c77fe2af83e41b4da22e30696fb1304c5d"
            ],
            "index": "pypi",
            "version": "==0.143.0"
        },
        "h11": {
            "hashes": [
                "sha256:4e35b956cf45792e4caa5885e69fba00bdbc6ffafbfa020300e549b208ee5ff1",
                "sha256:63cf8bbe7522de3bf65932fda1d9c2772064ffb3dae62d55932da54b31cb6c86"
            ],
            "markers": "python_version >= '3.8'",
            "version": "==0.16.0"
        },
        "idna": {
            "hashes": [
                "sha256:a7db850025b95ded1eae8a46181a1a6c56c92c96f0e2b005d9ff8dc0210cab44",
                "sha256:ab7ae7122974553370f0bdb919e1a960b2cd1bc1ef0276416d896db81c14582c"
            ],
            "markers": "python_version >= '3.9'",
            "version": "==3.20"
        },
        "opentelemetry-api": {
            "hashes": [
                "sha256:aa38ed19bcc084ba42782a73255b3582283eced7ad6dddbd6695189e69adfb75",
                "sha256:b31553efa588ae44bc306f863c785c5333a9ecc091248c6ee68b4b6c87fdedfb"
            ],
            "markers": "python_version >= '3.10'",
            "version": "==1.45.1"
        },
        "pydantic": {
            "hashes": [
                "sha256:15fab1bea6f1dc5003b54fc2ecab230c1fd1dbade2acd4addc52d81e32416d4b",
                "sha256:8a51a7aaddd60f55566d1f07bdd87b92b463903f39a8f26b71a06314cd1548ae"
            ],
            "markers": "python_version >= '3.10'",
            "version": "==2.14.0"
        },
        "pydantic-core": {
            "hashes": [
                "sha256:00963fde61cf8880d9e7b5635a9830e0591edfa45168447fdc5b47635c0f6437",
                "sha256:01340f4fbb4f854b1f36a6fe9dcd2b26c8936aead4e4ad1205624ac025c875fc",
                "sha256:02ec3675d606a355523e1c52bf5aa4116776f8d273dba03d8336a5a3ae984e15",
                "sha256:031867348c98ab49c6d3a16ad39738369ea48da59900d76d71c1e64de71fe79b",
                "sha256:0393763d66f6f61715488d074a2cefac04aeb3ee281e36fb4925dd44deaf9e17",
                "sha256:049b0404792dcb942f1092bfdae5f819ef30445b0d174782e1909fbdd91bb48b",
                "sha256:0abe1b44d361b948404b6b2ed80be2583e0077340572e071afa6e0eda4e1de30",
                "sha256:0def1dc09802a790e4a1b3cbc4401f0b53c58f273ce3671df9867f7bdf1fbe20",
                "sha256:0fdeda6272d60b1f6fb63f6a3dade55e274af62e1514d24a6549a12150c385cc",
                "sha256:1541c334af5d42cb9eb03862a9b4d2cfbfc670fd05172ec51f3ce02d704550f1",
                "sha256:158749408ee19682b8a2a7e7135cced7f41d6f2f9de96088b1b1609858a6a158",
                "sha256:1751e92d56fbb623b937d73985e500b1a2b1053e56f718a6c564660d99bb9cb0",
                "sha256:1773001198030e16f946a7ff7760fc3ebd45b12150f66fd0f433780043dc13d8",
                "sha256:17a5ca9c197788a6424749a09a3dce824cb2c17b72f835f8a5e330935b973609",
                "sha256:1bbd7da16d8b2912cc56c9d0b85c4998a6cbf39b220f81c0d8c397c64672ae0e",
                "sha256:2092ce156f92aff17e3345baba2b7c0c1701f32ba922c5de71bd6248fbe164e3",
                "sha256:21b62d45f327eb0802f842c132fda6d01a8376a8077922dc4dda69011c64d34a",
                "sha256:21e38a011783d8afc8b9d79928e273d06f349b52ae84edf63ec18ad07f077484",
                "sha256:23e0940b7d73f405d92e98b2a05b93b16db163be13b7478bb19e1db2e486ade6",
                "sha256:24302bf47319a64e5c5c7c29e971d2b7a20a190c64e59035a3df9582dec636fa",
                "sha256:243088c95e23b12db9f2cd7661d584a3f00814e087489f40cde7f9feac56b694",
                "sha256:2568b190075acd058513dca34f7fddc7252fc958c1591cb67a554338fc9a81b2",
                "sha256:2918547195ffb20118b829fdb8938e9dc92c9527fe6cbe58572594c96362880e",
                "sha256:2f28a5a299d4cefd1066a6883d22600b9ae3606f881c3015d255784634647580",
                "sha256:34a4a0938eb30931baca56e55786c5a6871ac7aa891a38c8cabcdb7e49dab91b",
                "sha256:350001f5573451150d919722ee095aa28bec037d6e23b86d7f04581a910fe924",
                "sha256:364f62d8024997536e57865cb1c8b36effad3249bf392a29a2379ea69db28238",
                "sha256:36c49d4e1769127461b609f110d91963790091ffcc2de401ac1d3b2f6a63bd54",
                "sha256:36f9ed6ae1069913e4f6e86d8233e119e83e00a20c54f88faf9c81292f2fecc0",
                "sha256:38b03c5439c6a7a952f56e3e6596dae44bc78c3fb6a69df46cabfb2f888e5f0c",
                "sha256:3b2f3e44af4c6512dd73557621385a71b18094c8be81d60e5a8e73a8ce96b7f4",
                "sha256:3fce74add1099da1ea09473268950270071fd56773e2968604efb3ab1d240e02",
                "sha256:41b9f2821f0a105f88cd54ad03fe1392ec600618ffa8610f7c5e466ecd98c531",
                "sha256:42a56b0052ac11d9d0d87b1c94a1ce52e31914fd133f269585e0f63a4ed988f2",
                "sha256:42fff617cb0b08505d8123d71e6e7a8e54210d9007498f564855bd843ce984b1",
                "sha256:468f7e67cfbd8231f442af6726449efe46f2be0e5a57b44fba7ccd92c6f121c4",
                "sha256:4b1bae96f41806b14dd8bb1568d39b5e33b5af7fb27f7be36c78b8fa84708917",
                "sha256:4f31af62efd1fd0257735b72e6716b32d4f207654adeabfe524d44baf1bb6bed",
                "sha256:4f96ccd9368ecbf6685d8f6981584ab72b4f0ffd20685e747737e7e340277b8d",
                "sha256:4faa766450ef44d9eabed5b65a280f63f903d1e1ed6d2e278961eb22345ec49f",
                "sha256:50920d66aaab60dbc6023c3035d55fbabfa58b6d205d0b39d47d820c4a7a13a8",
                "sha256:5307a8bd49158b57a0ca4e10950d31085aa35d9007e934047043ccc6d28eea97",
                "sha256:55684bc850059fc85ff8dc21a3e342b722d3178993c49ebdfdee8b698a432720",
                "sha256:56178c4116fc0c859786875ff4acc1c8d52678f095c312b0eff2a2dd9d6f8d5f",
                "sha256:57c0e5b26d82bf31ab2b044781527b1b1a36e9ed400856b6aca5097eb1abb909",
                "sha256:586699b43066ca6038f96bd71d0eff0b6c292929e3d66ff63d5dc79d0f06d589",
                "sha256:588d309ce5c85448379556d72011b191c0414ee2e80d7c3f1ebe2ceb2d9027b1",
                "sha256:593dd4f24abeb3ed90222f98bc6eefcac68cd5aa96fc7745f93862a802952bce",
                "sha256:59f816dc04e99627a5a6352ae51dfb30e603f2cb0b7009c91dc640c533def014",
                "sha256:5a07c644047f5abc268b4c39f8cb5a30e08a3c349228cb70142c7d3ed87587c0",
                "sha256:5a8403eef4a66743e339102fb3cdd8c8b9016b8bd67924685893d062c88896f9",
                "sha256:5d0b210c871486f5acb56d87bf00e3c5d83aab6a1ef3042629fa6ae0172fcf47",
                "sha256:5dbf9f18c8af11db719e67633be0af556d7d765bee0ca9419bd706fe4b7ed9fe",
                "sha256:610e9f483ac53c5cc59c2d3687224029b54eb494feec2d40a2bcfdd187635192",
                "sha256:62a93a9d206a3580c975c3c1f65a869cd063844d016c004f8d786a9309b3c591",
                "sha256:62ec6568896e0abf258cbcd22c406c1c8bf27d16224b21bec8f75c4ae88a8173",
                "sha256:63263d64884688554fb025a3906c7b00573980cfee75f9afeb86239d577384bc",
                "sha256:68421ba548f6d86c7dededd70bfe530b4faf67eb811c53c70a1be69438d3ce99",
                "sha256:6e1ec4176c3b56017745937dfd4a3ec6df55f7f0e66991124499f3f79f8f8d1f",
                "sha256:70df7ff903aea05383298715ea53551c8f27c8f70cbe54ba7f05606cd822e7e4",
                "sha256:71061800a3c225e730f7997f8a7fad6e0d0dcbe36609cdc7e60576a099a2832b",
                "sha256:718d05d4e078c7828f40ad3e310870fe4b837d93a32e7e8497a080c1f1040490",
                "sha256:732efbb50977ab7cf18f01d4c255834aeb14cb2425459f7bff681a1ba3a4ffa1",
                "sha256:74cbb6cbd74445ca279668790e0c10eccac0428fd79fe061fce6c9e3982ad3fe",
                "sha256:753863dd4317ec8cc9eb3e6d9d01a8ef1a1726a8003b4354658d68a1ae05f9db",
                "sha256:75b451ec5e64a1d4b803317f34710131742ff2e42f4bf5403f597d0af857d7d8",
                "sha256:779b6c74526596a86d38248dedaecfb7851bbaf319c234be042c57acddd2c8c4",
                "sha256:7987866a2569396e6765c54d643fd6a7b3b234e89ee8d45a3729a7b4b2726145",
                "sha256:79e8fc9c135ef628c45cb8aa5deef8d21de13d33bb4c59a859fa73d335ceb40a",
                "sha256:7eee44c3f1f8acc220a743a5ed5588949a4f18b33df4cfbef2b1277470285401",
                "sha256:8447678b49412294801c9ea15ae31ea3bae7da65425268c92d40e032c38eac6f",
                "sha256:84d2d38f7d163c4dec292f379e9de1960c661795442aca6c90d706436cb3749e",
                "sha256:8ab9e74878172948e0426e3d27fba333fd6a1c3f9456d8e75643e8e6868ac1a1",
                "sha256:8ad8dad549cd1645be591a50b4573995ee7e018f6619ddc2bc6ea44b2ad9f694",
                "sha256:8b16e164205a90b1050d2f5469f8a7829db7698ad198c69e6aab6cbfb5648b87",
                "sha256:8f16bc5bb12f4c581b0f40facc28dbf286db32d1bf4e7e4f4c4e0f7f4e34ecf9",
                "sha256:8facaf0a16121ac82cc403a71399a061b74624c1ae2034eec9ed6169c5d16ecb",
                "sha256:90874428bc6678b26434336c77931c9734ecebedf50132c179205e5a9908761d",
                "sha256:92016718bcf3e6f35a6bd986880191a8da7a35aa1f5b1e97544582ef938464cf",
                "sha256:9279f4be22bc3765dd9f61f5b4d38d9cb219d167bbd6f2e0ffa3368b1b71b4d1",
                "sha256:933f2d639eb81a3e1f145aec415453cc00983236629933f028d9507222583a2e",
                "sha256:93502b3c762149a5904316ef52f0ed1ea721e0f4c8431f964f140ed15fa61926",
                "sha256:955d7878130dfc124d6a5343e1b87d2933244fe14a4a0a3e98787e8e660a8eb4",
                "sha256:980c81c2ec53ea9eb2227c14b3e6de35670b2de163b638f2a803e90a3bd5bbb0",
                "sha256:99e203d5c2a814facef78dcd993b0fb7a933124a3475a38979fc09cceae210b7",
                "sha256:a2b88f9f9fa52e1c34938ff1a18ee7fbffe482df0bb43c087a9a60578d273d68",
                "sha256:a3e8ee6386f6b68e2f818ccf422ccfafc59bcff10862b52c7819db3aa0352dfc",
                "sha256:a7080928078ff56c07da393392f772054e93a39c8033dc9c04547bd949f9b614",
                "sha256:a8ee3965e01f10e4ff92ba1727626328ab7ba93bcd5674ff2b78ea1048ee0cea",
                "sha256:ab3f95f737fc1b258b8210308fc02ce1442cf5950cf6d30b09ad89ab9e8afebd",
                "sha256:ac223ea031905319a64d0df116979ae438b42d6265862a3d63c9f9808c2905a7",
                "sha256:ad3532291deedfdfcad3cf5d351d0076d646c68a0c63869a1bebf87c22159600",
                "sha256:ad9185366893714cd4514ae5e1a098227704fa395cb41a7855d75968ecedc826",
                "sha256:ae45853d25a23fba56681d2f9ed41f3e3f12f0a3b2393fefa08ff6406320a1f5",
                "sha256:af2b808a79bb04075e87c81a5b6179365b93f9a851f29dafd67abff72085d0c8",
                "sha256:b123f9d8702106f39dc3af63a031ca8b5279862a3747ec6c03ca49dbe78b71b9",
                "sha256:b1399f918aea8fb76ffa99b474c9b768accea1f079fde407ee538bec89f20fa7",
                "sha256:b916ff828d604d4311a5639b7b3da51eaea3923833ec3e300a5ee35eade99691",
                "sha256:b9be297ffe1015bfb2db4a23b6e1fec7e48361cf7c7b4f4f6bbdd008451b0a7b",
                "sha256:bc87bd34239835c8d73171acd039e591cea0a2ca8615e6188044ad170a40fca1",
                "sha256:bd841dcf394ff261c26763a9d7be754176d4f1e6d26cb2a5d5331e91b6b56a5f",
                "sha256:bdd70c2d9e73bca09fad54605dfeaae2b4e770b2800c65f5f5342901ed567b9f",
                "sha256:c05b75ef3574c9ee4e05bbcf8513f7ccb155d426514be9efef5f6f53152d5f5c",
                "sha256:c05d035e72530f6b00297941b0162218601542b76870c3bf2756bd87f16fc538",
                "sha256:c19500343957f254ecf3e60174f4a4cdd21690e0e1677740a8017d28ab2a2a4b",
                "sha256:c21e6a6e4e6d32fb6acbc4f0fa69e8319cac0d65eeaa8298d757371cc2a9c687",
                "sha256:c2b246fa7cbdf9918488d1542a82bbb928cf71bcba66905c24131981e759ff0b",
                "sha256:c2e97985641fe53ad7824d1b5bfeb7990a5ff788c4559ee44d7522642560ddc2",
                "sha256:c3ae59461625518449f800acc4f874753ae96fcf993c47a27be07beb651371fd",
                "sha256:c4abc425789f8540e86ca4cfdbc8dc650433cc2ac7c6136fee9bcb29d5665a02",
                "sha256:cb4fcaabb28cabf21396a9b816b9afe091f8c776805fdf03e2cbc606b64dfa7c",
                "sha256:cbce1b5a2a88a465d7865df61b7e4f8829ddc49b4fa841e9b241815c9d67c3b2",
                "sha256:cf150693a51ca21e8288cd08a9de05e5ab331776dfcfd0537b14523338f0502a",
                "sha256:cf81432281af66ba3285b26b09c2d478d84730dc50ff90926c1bdcef54048a33",
                "sha256:d01029d54ff1f45c195b1f7e6fbf6e58fb7e7e12cda9a6e639570d9c581decb2",
                "sha256:d06dbbfe8da01a0574de27afc19915bb3e7dddfbd184bb97e958f94051d8531b",
                "sha256:d14d04058923d526a552fc3ebe8b0b0353c19516431cee196502b53119278fd9",
                "sha256:d187f43d1c5b844adc871c5b8c22b4aa12a116aaca4e9bd1521bc9ce479aae1f",
                "sha256:d1d084e92d0f4a096a5155b23d1ac603db8073ef98a3d1384badf1455e5ae742",
                "sha256:d8354fbbe2abf0fb724b9303bef43bfd9b7a2779332813fa6d6559983954e7d8",
                "sha256:dcbd1fe5083315243447c13f7252ae9fe9d128b1ae2857e3a916c609235dd863",
                "sha256:dec0dafc116ac29a84d143fdbc3b83fdb5d4ed339276be2251154537ab30e14d",
                "sha256:e15bb1535f68a27f28e579ba3a8f74e7b05d350c45f5622b76a311d5a19ae48a",
                "sha256:e41f9d1d9240e8e0d8a670ad3e66c0c00f0b1f7150a31bc6c445a4f87c1cb3ba",
                "sha256:e58acd43ac8d3905659c1d5309318dd576243e723dd7c3b5dd4f555479b77d4b",
                "sha256:eadf95aab7301ac651628f097e521d742d0fb5f732155ebfd00d07933045d81c",
                "sha256:ec786cb9d597dd75d993f8c1273e31bb2114c9bc22f67fba611e654e8347701b",
                "sha256:ed557fa2744617eac3e34dd39b85037efbf23cd33f06851c00fdb8f18ad8f4c2",
                "sha256:ee9913fa2b5bfa6111c11158cf481bb13544f8bd5d10382fb6ee2612b16fcf28",
                "sha256:f0af2d2f745ec00a6616c4dfba4477f9156ccfb45690f6ffa5fd34f42e871ed4",
                "sha256:f12d9690634414fc04b1a7072fdc35c34a9242232c1851fe4518383578bb09d4",
                "sha256:f187030fc3d62c668feb0f09e92852e0eb414d7fcefc4748f2e67d245aade37e",
                "sha256:f3abcabb04503023e1053add24472e78878de0bfd5c8a93686be01f4032c363c",
                "sha256:f44107b5fdfecc03438feb165431652c8006650471326e53dd86d4c19124f5c5",
                "sha256:f517a417cd02aa8fb05b603a0ac6d87b7b004c3ba4fcd279cad25cab7229043b",
                "sha256:f8cc61ad94215ab98e5cbcdea2cfde45e11bb0136ee980e1240b721635e55790",
                "sha256:f8df36f964c21168e345f914855e3b428e2cb6e1f739c8ef5963b77d86dd84ae"
            ],
            "markers": "python_version >= '3.10'",
            "version": "==2.50.0"
        },
        "starlette": {
            "hashes": [
                "sha256:67f8e99895493dd2911a03f11314af6ceebeae4e704bb9f43dfc6a9db151c93e",
                "sha256:c79f74ea63cff761804fbbfb182f1e0b440c2d07b164d24700c5a1bab5d6ff5d"
            ],
            "markers": "python_version >= '3.10'",
            "version": "==1.7.0"
        },
        "typing-extensions": {
            "hashes": [
                "sha256:481caa481374e813c1b176ada14e97f1f67a4539ce9cfeb3f350d78d6370c2e8",
                "sha256:dc983d19a509c94dba722ee6abd33940f7c05a89e243c47e907eb4db6f1a43e5"
            ],
            "markers": "python_version >= '3.9'",
            "version": "==4.16.0"
        },
        "typing-inspection": {
            "hashes": [
                "sha256:547274fa6b0a561ccf549cc9524b999a578e737d015d8709d021f9d0d13bea47",
                "sha256:65b8397ba37ccbce054456aaccddfc91e6e3083c92824df348d96ca832f3f147"
            ],
            "markers": "python_version >= '3.10'",
            "version": "==0.4.4"
        },
        "uvicorn": {
            "hashes": [
                "sha256:505bdb0f318731d45f1f712071fc781a8981f6847a31c902c9f5e652d4f67faf",
                "sha256:a2e33cbfaa0306f8e6b0c13e0cb89d7d7a2da3e62b90c66e18c33d9807b28620"
            ],
            "index": "pypi",
            "version": "==0.54.0"
        }
    },
    "develop": {}
}
