{
    "_meta": {
        "hash": {
            "sha256": "d55e9558977b45a880fc3c5f58930905a37c43d505b5201fd5040c9d46bfc799"
        },
        "pipfile-spec": 6,
        "requires": {
            "python_version": "3.11"
        },
        "sources": [
            {
                "name": "pypi",
                "url": "https://pypi.org/simple",
                "verify_ssl": true
            }
        ]
    },
    "default": {
        "annotated-types": {
            "hashes": [
                "sha256:1f02e8b43a8fbbc3f3e0d4f0f4bfc8131bcb4eebe8849b8e5c773f3a1c582a53",
                "sha256:aff07c09a53a08bc8cfccb9c85b05f1aa9a2a6f23728d790723543408344ce89"
            ],
            "markers": "python_version >= '3.8'",
            "version": "==0.7.0"
        },
        "anyio": {
            "hashes": [
                "sha256:0287e96f4d26d4149305414d4e3bc32f0dcd0862365a4bddea19d7a1ec38c4fc",
                "sha256:82a8d0b81e318cc5ce71a5f1f8b5c4e63619620b63141ef8c995fa0db95a57c4"
            ],
            "markers": "python_version >= '3.9'",
            "version": "==4.11.0"
        },
        "click": {
            "hashes": [
                "sha256:9b9f285302c6e3064f4330c05f05b81945b2a39544279343e6e7c5f27a9baddc",
                "sha256:e7b8232224eba16f4ebe410c25ced9f7875cb5f3263ffc93cc3e8da705e229c4"
            ],
            "index": "pypi",
            "version": "==8.3.0"
        },
        "fastapi": {
            "hashes": [
                "sha256:451082403a2c1f0b99c6bd57c09110ed5463856804c8078d38e5a1f1035dbbb7",
                "sha256:90a2e49ed19515320abb864df570dd766be0662c5d577688f1600170f7f73cf2"
            ],
            "index": "pypi",
            "version": "==0.119.0"
        },
        "h11": {
            "hashes": [
                "sha256:4e35b956cf45792e4caa5885e69fba00bdbc6ffafbfa020300e549b208ee5ff1",
                "sha256:63cf8bbe7522de3bf65932fda1d9c2772064ffb3dae62d55932da54b31cb6c86"
            ],
            "markers": "python_version >= '3.8'",
            "version": "==0.16.0"
        },
        "idna": {
            "hashes": [
                "sha256:771a87f49d9defaf64091e6e6fe9c18d4833f140bd19464795bc32d966ca37ea",
                "sha256:795dafcc9c04ed0c1fb032c2aa73654d8e8c5023a7df64a53f39190ada629902"
            ],
            "markers": "python_version >= '3.8'",
            "version": "==3.11"
        },
        "pydantic": {
            "hashes": [
                "sha256:0af849d00e1879199babd468ec9db13b956f6608e9250500c1a9d69b6a62824e",
                "sha256:665931f5b4ab40c411439e66f99060d631d1acc58c3d481957b9123343d674d1"
            ],
            "markers": "python_version >= '3.9'",
            "version": "==2.12.1"
        },
        "pydantic-core": {
            "hashes": [
                "sha256:005bf20e48f6272803de8ba0be076e5bd7d015b7f02ebcc989bc24f85636d1d8",
                "sha256:05974468cff84ea112ad4992823f1300d822ad51df0eba4c3af3c4a4cbe5eca0",
                "sha256:091d3966dc2379e07b45b4fd9651fbab5b24ea3c62cc40637beaf691695e5f5a",
                "sha256:0c0d7e1a9f80f00a8180b9194ecef66958eb03f3c3ae2d77195c9d665ac0a61e",
                "sha256:0c77e8e72344e34052ea26905fa7551ecb75fc12795ca1a8e44f816918f4c718",
                "sha256:0d986b1defbe27867812dc3d8b3401d72be14449b255081e505046c02687010a",
                "sha256:12019e3a4ded7c4e84b11a761be843dfa9837444a1d7f621888ad499f0f72643",
                "sha256:16f216e4371a05ad3baa5aed152eae056c7e724663c2bcbb38edd607c17baa89",
                "sha256:16f80f366472eb6a3744149289c263e5ef182c8b18422192166b67625fef3c50",
                "sha256:18dd9a88bc1017bea142a4936de1a32aec9723f13d6cb434bd2aeec23208143a",
                "sha256:1a572d7d06b9fa6efeec32fbcd18c73081af66942b345664669867cf8e69c7b0",
                "sha256:1ac3ba94f3be9437da4ad611dacd356f040120668c5b1733b8ae035a13663c48",
                "sha256:1fe4ebd676c158a7994253161151b476dbbef2acbd2f547cfcfdf332cf67cc29",
                "sha256:20f7d53153eb2a5c2f7a8cccf1a45022e2b75668cad274f998b43313da03053d",
                "sha256:219a95d7638c6b3a50de749747afdf1c2bdf027653e4a3e1df2fefa1e238d8eb",
                "sha256:21b3a07248e481c06c4f208c53402fc143e817ce652a114f0c5d2acfd97b8b91",
                "sha256:21d4e730b75cfc62b3e24261030bd223ed5f867039f971027c551a7ab911f460",
                "sha256:248a5d1dac5382454927edf32660d0791d2df997b23b06a8cac6e3375bc79cee",
                "sha256:267b64a4845471c33f12155140d7449643c0c190b5ae3be6a7a3c04461ac494b",
                "sha256:2868fabfc35ec0738539ce0d79aab37aeffdcb9682b9b91f0ac4b0ba31abb1eb",
                "sha256:287cbcd3407a875eaf0b1efa2e5288493d5b79bfd3629459cf0b329ad8a9071a",
                "sha256:2a7dd8a6f5a9a2f8c7f36e4fc0982a985dbc4ac7176ee3df9f63179b7295b626",
                "sha256:2de13998e396d556c17065d7847e03f6c1ce6210eb1719a778a25425284f1a17",
                "sha256:2e169371f88113c8e642f7ac42c798109f1270832b577b5144962a7a028bfb0c",
                "sha256:32be442a017e82a6c496a52ef5db5f5ac9abf31c3064f5240ee15a1d27cc599e",
                "sha256:347a23094c98b7ea2ba6fff93b52bd2931a48c9c1790722d9e841f30e4b7afcd",
                "sha256:351b2c5c073ae8caaa11e4336f8419d844c9b936e123e72dbe2c43fa97e54781",
                "sha256:36388958d0c614df9f5de1a5f88f4b79359016b9ecdfc352037788a628616aa2",
                "sha256:3c50eba144add9104cf43ef9a3d81c37ebf48bfd0924b584b78ec2e03ec91daf",
                "sha256:3cbcad992c281b4960cb5550e218ff39a679c730a59859faa0bc9b8d87efbe6a",
                "sha256:4061cc82d7177417fdb90e23e67b27425ecde2652cfd2053b5b4661a489ddc19",
                "sha256:40db5705aec66371ca5792415c3e869137ae2bab48c48608db3f84986ccaf016",
                "sha256:41c38700094045b12c0cff35c8585954de66cf6dd63909fed1c2e6b8f38e1e1e",
                "sha256:43abc869cce9104ff35cb4eff3028e9a87346c95fe44e0173036bf4d782bdc3d",
                "sha256:446361e93f4ffe509edae5862fb89a0d24cbc8f2935f05c6584c2f2ca6e7b6df",
                "sha256:44af3276c0c2c14efde6590523e4d7e04bcd0e46e0134f0dbef1be0b64b2d3e3",
                "sha256:45b445c09095df0d422e8ef01065f1c0a7424a17b37646b71d857ead6428b084",
                "sha256:485398dacc5dddb2be280fd3998367531eccae8631f4985d048c2406a5ee5ecc",
                "sha256:4aa5a2327538f6b3c040604618cd36a960224ad7c22be96717b444c269f1a8b2",
                "sha256:503923874b5496b0a7d6479f481e02342771c1561e96c1e28b97a5ad056e55e9",
                "sha256:5253835aa145049205a67056884555a936f9b3fea7c3ce860bff62be6a1ae4d1",
                "sha256:539b1c01251fbc0789ad4e1dccf3e888062dd342b2796f403406855498afbc36",
                "sha256:54534eecbb7a331521f832e15fc307296f491ee1918dacfd4d5b900da6ee3332",
                "sha256:59aeed341f92440d51fdcc82c8e930cfb234f1843ed1d4ae1074f5fb9789a64b",
                "sha256:5dd40bb57cdae2a35e20d06910b93b13e8f57ffff5a0b0a45927953bad563a03",
                "sha256:5e67f86ffb40127851dba662b2d0ab400264ed37cfedeab6100515df41ccb325",
                "sha256:60110fe616b599c6e057142f2d75873e213bc0cbdac88f58dda8afb27a82f978",
                "sha256:6212874118704e27d177acee5b90b83556b14b2eb88aae01bae51cd9efe27019",
                "sha256:624503f918e472c0eed6935020c01b6a6b4bcdb7955a848da5c8805d40f15c0f",
                "sha256:63d787ea760052585c6bfc34310aa379346f2cec363fe178659664f80421804b",
                "sha256:668fcb317a0b3c84781796891128111c32f83458d436b022014ed0ea07f66e1b",
                "sha256:69297795efe5349156d18eebea818b75d29a1d3d1d5f26a250f22ab4220aacd6",
                "sha256:6b4be10152098b43c093a4b5e9e9da1ac7a1c954c1934d4438d07ba7b7bcf293",
                "sha256:6d972c97e91e294f1ce4c74034211b5c16d91b925c08704f5786e5e3743d8a20",
                "sha256:6dfe0898272bf675941cd1ea701677341357b77acadacabbd43d71e09763dceb",
                "sha256:70c01c179e1a786af804b93e3eb7506cd818744bff8cf9e3cda0d8bbb2d12204",
                "sha256:7528ff51a26985072291c4170bd1f16f396a46ef845a428ae97bdb01ebaee7f4",
                "sha256:75428ae73865ee366f159b68b9281c754df832494419b4eb46b7c3fbdb27756c",
                "sha256:79d9a98a80309189a49cffcd507c85032a2df35d005bd12d655f425ca80eec3d",
                "sha256:7bdc8b70bc4b68e4d891b46d018012cac7bbfe3b981a7c874716dde09ff09fd5",
                "sha256:7be34f5217ffc28404fc0ca6f07491a2a6a770faecfcf306384c142bccd2fdb4",
                "sha256:7c1010c4d2cc10703da089543c38909aa832656ffb85cd31dc3e3d73362e0249",
                "sha256:83847aa6026fb7149b9ef06e10c73ff83ac1d2aa478b28caa4f050670c1c9a37",
                "sha256:86ffbf5291c367a56b5718590dc3452890f2c1ac7b76d8f4a1e66df90bd717f6",
                "sha256:8741b0ab2acdd20c804432e08052791e66cf797afa5451e7e435367f88474b0b",
                "sha256:88461e25f62e58db4d8b180e2612684f31b5844db0a8f8c1c421498c97bc197b",
                "sha256:8c8f7cae4451a7e83d781bd862c43b3591ede41b6d6adc5dead81300c3e0fbae",
                "sha256:8d699904cd13d0f509bdbb17f0784abb332d4aa42df4b0a8b65932096fcd4b21",
                "sha256:8e0c81dc047c18059410c959a437540abcefea6a882d6e43b9bf45c291eaacd9",
                "sha256:8f7d4504d7bdce582a2700615d52dbe5f9de4ffab4815431f6da7edf5acc1329",
                "sha256:91a38e48cdcc17763ac0abcb27c2b5fca47c2bc79ca0821b5211b2adeb06c4d0",
                "sha256:91be4756e05367ce19a70e1db3b77f01f9e40ca70d26fb4cdfa993e53a08964a",
                "sha256:91dfe6a6e02916fd1fb630f1ebe0c18f9fd9d3cbfe84bb2599f195ebbb0edb9b",
                "sha256:92d96bb0abce0ce71f90845ad25b5521fbf8ce6e5589f4937cb047e4f5a36c76",
                "sha256:947e1c5e79c54e313742c9dc25a439d38c5dcfde14f6a9a9069b3295f190c444",
                "sha256:95da6803d101b5c35e4ea80f44da5ba5422f6695690570d7cc15f04a12ca4e33",
                "sha256:971efe83bac3d5db781ee1b4836ac2cdd53cf7f727edfd4bb0a18029f9409ef2",
                "sha256:984ca0113b39dda1d7c358d6db03dd6539ef244d0558351806c1327239e035bf",
                "sha256:98ad9402d6cc194b21adb4626ead88fcce8bc287ef434502dbb4d5b71bdb9a47",
                "sha256:98c54e5ad0399ac79c0b6b567693d0f8c44b5a0d67539826cc1dd495e47d1307",
                "sha256:99b17a3ed3b8bf769815c782710e520b9b4efcede14eeea71ef57a2a16870ec9",
                "sha256:9af9a9ae24b866ce58462a7de61c33ff035e052b7a9c05c29cf496bd6a16a63f",
                "sha256:a6ded5abbb7391c0db9e002aaa5f0e3a49a024b0a22e2ed09ab69087fd5ab8a8",
                "sha256:a8596700fdd3ee12b0d9c1f2395f4c32557e7ebfbfacdc08055b0bcbe7d2827e",
                "sha256:af10c78f0e9086d2d883ddd5a6482a613ad435eb5739cf1467b1f86169e63d91",
                "sha256:b0947cd92f782cfc7bb595fd046a5a5c83e9f9524822f071f6b602f08d14b653",
                "sha256:b1d9699a4dae10a7719951cca1e30b591ef1dd9cdda9fec39282a283576c0241",
                "sha256:b387f08b378924fa82bd86e03c9d61d6daca1a73ffb3947bdcfe12ea14c41f68",
                "sha256:b5ff0467a8c1b6abb0ab9c9ea80e2e3a9788592e44c726c2db33fdaf1b5e7d0b",
                "sha256:bbcc6bbcc83979b82fc1642dafd94b07c49f9b8e3b1df625f1c1aa676f952e48",
                "sha256:c0178ad5e586d3e394f4b642f0bb7a434bcf34d1e9716cc4bd74e34e35283152",
                "sha256:c32474bb2324b574dc57aea40cb415c8ca81b73bc103f5644a15095d5552df8f",
                "sha256:c58c5acda77802eedde3aaf22be09e37cfec060696da64bf6e6ffb2480fdabd0",
                "sha256:c5cb19f36253152c509abe76c1d1b185436e0c75f392a82934fe37f4a1264449",
                "sha256:c6a24c82674a3a8e7f7306e57e98219e5c1cdfc0f57bc70986930dda136230b2",
                "sha256:c6ea2102958eb5ad560d570c49996e215a6939d9bffd0e9fd3b9e808a55008cc",
                "sha256:c7f96e6fc3ab59e1ba1132f3105be9b8b7f80d071c73f7e8d2e1f594cbb64907",
                "sha256:cb13d215db8cb0f601227785f6d32c577387253ba3a47cbef72e7c6c93c13023",
                "sha256:cb3c63f4014a603caee687cd5c3c63298d2c8951b7acb2ccd0befbf2e1c0b8ad",
                "sha256:cb4f40c93307e1c50996e4edcddf338e1f3f1fb86fb69b654111c6050ae3b081",
                "sha256:cb82cd643a2ad7ebf94bdb7fa6c339801b0fe8c7920610d6da7b691647ef5842",
                "sha256:cd0d26f1e4335d5f84abfc880da0afa080c8222410482f9ee12043bb05f55ec8",
                "sha256:cdebb34b36ad05e8d77b4e797ad38a2a775c2a07a8fa386d4f6943b7778dcd39",
                "sha256:ce7d8f4353f82259b55055bd162bbaf599f6c40cd0c098e989eeb95f9fdc022f",
                "sha256:d0a1e90642dd6040cfcf509230fb1c3df257f7420d52b5401b3ce164acb0a342",
                "sha256:d4ebfa1864046c44669cd789a613ec39ee194fe73842e369d129d716730216d9",
                "sha256:d5099f1b97e79f0e45cb6a236a5bd1a20078ed50b1b28f3d17f6c83ff3585baa",
                "sha256:d5e01519c8322a489167abb1aceaab1a9e4c7d3e665dc3f7b0b1355910fcb698",
                "sha256:e1c133e3447c2f6d95e47ede58fff0053370758112a1d39117d0af8c93584049",
                "sha256:e2135eff48d3b6a2abfe7b26395d350ea76a460d3de3cf2521fe2f15f222fa29",
                "sha256:e301551c63d46122972ab5523a1438772cdde5d62d34040dac6f11017f18cc5d",
                "sha256:ecad4d7d264f6df23db68ca3024919a7aab34b4c44d9a9280952863a7a0c5e81",
                "sha256:edfe9b4cee4a91da7247c25732f24504071f3e101c050694d18194b7d2d320bf",
                "sha256:ef37228238b3a280170ac43a010835c4a7005742bc8831c2c1a9560de4595dbe",
                "sha256:f06a9e81da60e5a0ef584f6f4790f925c203880ae391bf363d97126fd1790b21",
                "sha256:fc836eb8561f04fede7b73747463bd08715be0f55c427e0f0198aa2f1d92f913",
                "sha256:fce6e6505b9807d3c20476fa016d0bd4d54a858fe648d6f5ef065286410c3da7"
            ],
            "markers": "python_version >= '3.9'",
            "version": "==2.41.3"
        },
        "sniffio": {
            "hashes": [
                "sha256:2f6da418d1f1e0fddd844478f41680e794e6051915791a034ff65e5f100525a2",
                "sha256:f4324edc670a0f49750a81b895f35c3adb843cca46f0530f79fc1babb23789dc"
            ],
            "markers": "python_version >= '3.7'",
            "version": "==1.3.1"
        },
        "starlette": {
            "hashes": [
                "sha256:0764ca97b097582558ecb498132ed0c7d942f233f365b86ba37770e026510659",
                "sha256:7e8cee469a8ab2352911528110ce9088fdc6a37d9876926e73da7ce4aa4c7a46"
            ],
            "markers": "python_version >= '3.9'",
            "version": "==0.48.0"
        },
        "typing-extensions": {
            "hashes": [
                "sha256:0cea48d173cc12fa28ecabc3b837ea3cf6f38c6d1136f85cbaaf598984861466",
                "sha256:f0fa19c6845758ab08074a0cfa8b7aecb71c999ca73d62883bc25cc018c4e548"
            ],
            "markers": "python_version >= '3.9'",
            "version": "==4.15.0"
        },
        "typing-inspection": {
            "hashes": [
                "sha256:4ed1cacbdc298c220f1bd249ed5287caa16f34d44ef4e9c3d0cbad5b521545e7",
                "sha256:ba561c48a67c5958007083d386c3295464928b01faa735ab8547c5692e87f464"
            ],
            "markers": "python_version >= '3.9'",
            "version": "==0.4.2"
        },
        "uvicorn": {
            "hashes": [
                "sha256:4115c8add6d3fd536c8ee77f0e14a7fd2ebba939fed9b02583a97f80648f9e13",
                "sha256:913b2b88672343739927ce381ff9e2ad62541f9f8289664fa1d1d3803fa2ce6c"
            ],
            "index": "pypi",
            "version": "==0.37.0"
        }
    },
    "develop": {}
}
